
Microsoft Visual Studio Solution File, Format Version 12.00
# Visual Studio Version 17
VisualStudioVersion = 17.0.31903.59
MinimumVisualStudioVersion = 10.0.40219.1
Project("{FAE04EC0-301F-11D3-BF4B-00C04F79EFBC}") = "CSharpProject", "CSharpProject\CSharpProject.csproj", "{0C14AEB0-E699-4E18-909B-E2BEDA892606}"
EndProject
Project("{FAE04EC0-301F-11D3-BF4B-00C04F79EFBC}") = "CppProject", "CppProject\CppProject.csproj", "{782D6F4B-D594-4C6A-8638-C6DB246A03FF}"
EndProject
Global
	GlobalSection(SolutionConfigurationPlatforms) = preSolution
		Debug|Any CPU = Debug|Any CPU
		Release|Any CPU = Release|Any CPU
	EndGlobalSection
	GlobalSection(SolutionProperties) = preSolution
		HideSolutionNode = FALSE
	EndGlobalSection
	GlobalSection(ProjectConfigurationPlatforms) = postSolution
		{0C14AEB0-E699-4E18-909B-E2BEDA892606}.Debug|Any CPU.ActiveCfg = Debug|Any CPU
		{0C14AEB0-E699-4E18-909B-E2BEDA892606}.Debug|Any CPU.Build.0 = Debug|Any CPU
		{0C14AEB0-E699-4E18-909B-E2BEDA892606}.Release|Any CPU.ActiveCfg = Release|Any CPU
		{0C14AEB0-E699-4E18-909B-E2BEDA892606}.Release|Any CPU.Build.0 = Release|Any CPU
		{782D6F4B-D594-4C6A-8638-C6DB246A03FF}.Debug|Any CPU.ActiveCfg = Debug|Any CPU
		{782D6F4B-D594-4C6A-8638-C6DB246A03FF}.Debug|Any CPU.Build.0 = Debug|Any CPU
		{782D6F4B-D594-4C6A-8638-C6DB246A03FF}.Release|Any CPU.ActiveCfg = Release|Any CPU
		{782D6F4B-D594-4C6A-8638-C6DB246A03FF}.Release|Any CPU.Build.0 = Release|Any CPU
	EndGlobalSection
EndGlobal
